
Microsoft Visual Studio Solution File, Format Version 12.00
# Visual Studio Version 16
VisualStudioVersion = 16.0.33027.164
MinimumVisualStudioVersion = 10.0.40219.1
Project("{8BC9CEB8-8B4A-11D0-8D11-00A0C91BC942}") = "SB19", "SB19.vcxproj", "{6F790DED-CAA5-4812-9A99-64486969BFFB}"
EndProject
Global
	GlobalSection(SolutionConfigurationPlatforms) = preSolution
		Debug|x64 = Debug|x64
		Debug|x86 = Debug|x86
		Release|x64 = Release|x64
		Release|x86 = Release|x86
	EndGlobalSection
	GlobalSection(ProjectConfigurationPlatforms) = postSolution
		{6F790DED-CAA5-4812-9A99-64486969BFFB}.Debug|x64.ActiveCfg = Debug|x64
		{6F790DED-CAA5-4812-9A99-64486969BFFB}.Debug|x64.Build.0 = Debug|x64
		{6F790DED-CAA5-4812-9A99-64486969BFFB}.Debug|x86.ActiveCfg = Debug|Win32
		{6F790DED-CAA5-4812-9A99-64486969BFFB}.Debug|x86.Build.0 = Debug|Win32
		{6F790DED-CAA5-4812-9A99-64486969BFFB}.Release|x64.ActiveCfg = Release|x64
		{6F790DED-CAA5-4812-9A99-64486969BFFB}.Release|x64.Build.0 = Release|x64
		{6F790DED-CAA5-4812-9A99-64486969BFFB}.Release|x86.ActiveCfg = Release|Win32
		{6F790DED-CAA5-4812-9A99-64486969BFFB}.Release|x86.Build.0 = Release|Win32
	EndGlobalSection
	GlobalSection(SolutionProperties) = preSolution
		HideSolutionNode = FALSE
	EndGlobalSection
	GlobalSection(ExtensibilityGlobals) = postSolution
		SolutionGuid = {DA5B80FD-26A5-4F0E-8B93-B5588AA8CFD2}
	EndGlobalSection
EndGlobal
